
Microsoft Visual Studio Solution File, Format Version 12.00
# Visual Studio Version 16
VisualStudioVersion = 16.0.31729.503
MinimumVisualStudioVersion = 10.0.40219.1
Project("{FAE04EC0-301F-11D3-BF4B-00C04F79EFBC}") = "GenetikAlgoritmaOptimizasyon", "GenetikAlgoritmaOptimizasyon\GenetikAlgoritmaOptimizasyon.csproj", "{80A53DD0-5011-47B9-BF94-2D2B8DFDE500}"
EndProject
Global
	GlobalSection(SolutionConfigurationPlatforms) = preSolution
		Debug|Any CPU = Debug|Any CPU
		Release|Any CPU = Release|Any CPU
	EndGlobalSection
	GlobalSection(ProjectConfigurationPlatforms) = postSolution
		{80A53DD0-5011-47B9-BF94-2D2B8DFDE500}.Debug|Any CPU.ActiveCfg = Debug|Any CPU
		{80A53DD0-5011-47B9-BF94-2D2B8DFDE500}.Debug|Any CPU.Build.0 = Debug|Any CPU
		{80A53DD0-5011-47B9-BF94-2D2B8DFDE500}.Release|Any CPU.ActiveCfg = Release|Any CPU
		{80A53DD0-5011-47B9-BF94-2D2B8DFDE500}.Release|Any CPU.Build.0 = Release|Any CPU
	EndGlobalSection
	GlobalSection(SolutionProperties) = preSolution
		HideSolutionNode = FALSE
	EndGlobalSection
	GlobalSection(ExtensibilityGlobals) = postSolution
		SolutionGuid = {3AF0543A-E09C-46E4-8D24-AC5F151B7447}
	EndGlobalSection
EndGlobal
